
Microsoft Visual Studio Solution File, Format Version 12.00
# Visual Studio Version 17
VisualStudioVersion = 17.4.33403.182
MinimumVisualStudioVersion = 10.0.40219.1
Project("{FAE04EC0-301F-11D3-BF4B-00C04F79EFBC}") = "backend", "backend\backend.csproj", "{7CB0F733-702C-4D30-9F03-2F50765B14D7}"
EndProject
Global
	GlobalSection(SolutionConfigurationPlatforms) = preSolution
		Debug|Any CPU = Debug|Any CPU
		Release|Any CPU = Release|Any CPU
	EndGlobalSection
	GlobalSection(ProjectConfigurationPlatforms) = postSolution
		{7CB0F733-702C-4D30-9F03-2F50765B14D7}.Debug|Any CPU.ActiveCfg = Debug|Any CPU
		{7CB0F733-702C-4D30-9F03-2F50765B14D7}.Debug|Any CPU.Build.0 = Debug|Any CPU
		{7CB0F733-702C-4D30-9F03-2F50765B14D7}.Release|Any CPU.ActiveCfg = Release|Any CPU
		{7CB0F733-702C-4D30-9F03-2F50765B14D7}.Release|Any CPU.Build.0 = Release|Any CPU
	EndGlobalSection
	GlobalSection(SolutionProperties) = preSolution
		HideSolutionNode = FALSE
	EndGlobalSection
	GlobalSection(ExtensibilityGlobals) = postSolution
		SolutionGuid = {692FDFF2-DA35-4526-B36C-0A2FCA4F3318}
	EndGlobalSection
EndGlobal
